
Microsoft Visual Studio Solution File, Format Version 12.00
# Visual Studio Version 16
VisualStudioVersion = 16.0.31515.178
MinimumVisualStudioVersion = 10.0.40219.1
Project("{FAE04EC0-301F-11D3-BF4B-00C04F79EFBC}") = "JuanDo", "JuanDo.csproj", "{8DCEB201-FAC0-43EE-9917-CDAE36DEB91B}"
EndProject
Global
	GlobalSection(SolutionConfigurationPlatforms) = preSolution
		Debug|Any CPU = Debug|Any CPU
		Release|Any CPU = Release|Any CPU
	EndGlobalSection
	GlobalSection(ProjectConfigurationPlatforms) = postSolution
		{8DCEB201-FAC0-43EE-9917-CDAE36DEB91B}.Debug|Any CPU.ActiveCfg = Debug|Any CPU
		{8DCEB201-FAC0-43EE-9917-CDAE36DEB91B}.Debug|Any CPU.Build.0 = Debug|Any CPU
		{8DCEB201-FAC0-43EE-9917-CDAE36DEB91B}.Release|Any CPU.ActiveCfg = Release|Any CPU
		{8DCEB201-FAC0-43EE-9917-CDAE36DEB91B}.Release|Any CPU.Build.0 = Release|Any CPU
	EndGlobalSection
	GlobalSection(SolutionProperties) = preSolution
		HideSolutionNode = FALSE
	EndGlobalSection
	GlobalSection(ExtensibilityGlobals) = postSolution
		SolutionGuid = {7CE471DF-E468-4B06-802B-BFD2DCBD68BD}
	EndGlobalSection
EndGlobal
